// !$*UTF8*$!
{
	archiveVersion = 1;
	classes = {
	};
	objectVersion = 56;
	objects = {

/* Begin PBXBuildFile section */
		A7AE57352ADDE64D0089E401 /* AppDelegate.swift in Sources */ = {isa = PBXBuildFile; fileRef = A7AE57342ADDE64D0089E401 /* AppDelegate.swift */; };
		A7AE57372ADDE64D0089E401 /* SceneDelegate.swift in Sources */ = {isa = PBXBuildFile; fileRef = A7AE57362ADDE64D0089E401 /* SceneDelegate.swift */; };
		A7AE57392ADDE64D0089E401 /* ViewController.swift in Sources */ = {isa = PBXBuildFile; fileRef = A7AE57382ADDE64D0089E401 /* ViewController.swift */; };
		A7AE573E2ADDE64E0089E401 /* Assets.xcassets in Resources */ = {isa = PBXBuildFile; fileRef = A7AE573D2ADDE64E0089E401 /* Assets.xcassets */; };
		A7AE57412ADDE64E0089E401 /* LaunchScreen.storyboard in Resources */ = {isa = PBXBuildFile; fileRef = A7AE573F2ADDE64E0089E401 /* LaunchScreen.storyboard */; };
		A7AE574A2ADDE68B0089E401 /* ListOfMovieView.swift in Sources */ = {isa = PBXBuildFile; fileRef = A7AE57492ADDE68B0089E401 /* ListOfMovieView.swift */; };
		A7AE574C2ADDE6B40089E401 /* ListOfMoviePresenter.swift in Sources */ = {isa = PBXBuildFile; fileRef = A7AE574B2ADDE6B40089E401 /* ListOfMoviePresenter.swift */; };
		A7AE574E2ADDE6D50089E401 /* ListOfMovieInteractor.swift in Sources */ = {isa = PBXBuildFile; fileRef = A7AE574D2ADDE6D50089E401 /* ListOfMovieInteractor.swift */; };
		A7AE57502ADDE6E40089E401 /* ListOfMovieRouter.swift in Sources */ = {isa = PBXBuildFile; fileRef = A7AE574F2ADDE6E40089E401 /* ListOfMovieRouter.swift */; };
		A7AE57532ADDE8E90089E401 /* PopularMoviewEntity.swift in Sources */ = {isa = PBXBuildFile; fileRef = A7AE57522ADDE8E90089E401 /* PopularMoviewEntity.swift */; };
		A7AE57552ADDEAF90089E401 /* PopularMovieResponseEntity.swift in Sources */ = {isa = PBXBuildFile; fileRef = A7AE57542ADDEAF90089E401 /* PopularMovieResponseEntity.swift */; };
		A7AE57572ADE0BD20089E401 /* MovieCellView.swift in Sources */ = {isa = PBXBuildFile; fileRef = A7AE57562ADE0BD20089E401 /* MovieCellView.swift */; };
		A7AE575A2AE324760089E401 /* Kingfisher in Frameworks */ = {isa = PBXBuildFile; productRef = A7AE57592AE324760089E401 /* Kingfisher */; };
		A7C4D5782AE7084000055E21 /* ViewModel.swift in Sources */ = {isa = PBXBuildFile; fileRef = A7C4D5772AE7084000055E21 /* ViewModel.swift */; };
		A7C4D57A2AE70D1C00055E21 /* Mapper.swift in Sources */ = {isa = PBXBuildFile; fileRef = A7C4D5792AE70D1C00055E21 /* Mapper.swift */; };
/* End PBXBuildFile section */

/* Begin PBXFileReference section */
		A7AE57312ADDE64D0089E401 /* ViperCarter.app */ = {isa = PBXFileReference; explicitFileType = wrapper.application; includeInIndex = 0; path = ViperCarter.app; sourceTree = BUILT_PRODUCTS_DIR; };
		A7AE57342ADDE64D0089E401 /* AppDelegate.swift */ = {isa = PBXFileReference; lastKnownFileType = sourcecode.swift; path = AppDelegate.swift; sourceTree = "<group>"; };
		A7AE57362ADDE64D0089E401 /* SceneDelegate.swift */ = {isa = PBXFileReference; lastKnownFileType = sourcecode.swift; path = SceneDelegate.swift; sourceTree = "<group>"; };
		A7AE57382ADDE64D0089E401 /* ViewController.swift */ = {isa = PBXFileReference; lastKnownFileType = sourcecode.swift; path = ViewController.swift; sourceTree = "<group>"; };
		A7AE573D2ADDE64E0089E401 /* Assets.xcassets */ = {isa = PBXFileReference; lastKnownFileType = folder.assetcatalog; path = Assets.xcassets; sourceTree = "<group>"; };
		A7AE57402ADDE64E0089E401 /* Base */ = {isa = PBXFileReference; lastKnownFileType = file.storyboard; name = Base; path = Base.lproj/LaunchScreen.storyboard; sourceTree = "<group>"; };
		A7AE57422ADDE64E0089E401 /* Info.plist */ = {isa = PBXFileReference; lastKnownFileType = text.plist.xml; path = Info.plist; sourceTree = "<group>"; };
		A7AE57492ADDE68B0089E401 /* ListOfMovieView.swift */ = {isa = PBXFileReference; lastKnownFileType = sourcecode.swift; path = ListOfMovieView.swift; sourceTree = "<group>"; };
		A7AE574B2ADDE6B40089E401 /* ListOfMoviePresenter.swift */ = {isa = PBXFileReference; lastKnownFileType = sourcecode.swift; path = ListOfMoviePresenter.swift; sourceTree = "<group>"; };
		A7AE574D2ADDE6D50089E401 /* ListOfMovieInteractor.swift */ = {isa = PBXFileReference; lastKnownFileType = sourcecode.swift; path = ListOfMovieInteractor.swift; sourceTree = "<group>"; };
		A7AE574F2ADDE6E40089E401 /* ListOfMovieRouter.swift */ = {isa = PBXFileReference; lastKnownFileType = sourcecode.swift; path = ListOfMovieRouter.swift; sourceTree = "<group>"; };
		A7AE57522ADDE8E90089E401 /* PopularMoviewEntity.swift */ = {isa = PBXFileReference; lastKnownFileType = sourcecode.swift; path = PopularMoviewEntity.swift; sourceTree = "<group>"; };
		A7AE57542ADDEAF90089E401 /* PopularMovieResponseEntity.swift */ = {isa = PBXFileReference; lastKnownFileType = sourcecode.swift; path = PopularMovieResponseEntity.swift; sourceTree = "<group>"; };
		A7AE57562ADE0BD20089E401 /* MovieCellView.swift */ = {isa = PBXFileReference; lastKnownFileType = sourcecode.swift; path = MovieCellView.swift; sourceTree = "<group>"; };
		A7C4D5772AE7084000055E21 /* ViewModel.swift */ = {isa = PBXFileReference; lastKnownFileType = sourcecode.swift; path = ViewModel.swift; sourceTree = "<group>"; };
		A7C4D5792AE70D1C00055E21 /* Mapper.swift */ = {isa = PBXFileReference; lastKnownFileType = sourcecode.swift; path = Mapper.swift; sourceTree = "<group>"; };
/* End PBXFileReference section */

/* Begin PBXFrameworksBuildPhase section */
		A7AE572E2ADDE64D0089E401 /* Frameworks */ = {
			isa = PBXFrameworksBuildPhase;
			buildActionMask = 2147483647;
			files = (
				A7AE575A2AE324760089E401 /* Kingfisher in Frameworks */,
			);
			runOnlyForDeploymentPostprocessing = 0;
		};
/* End PBXFrameworksBuildPhase section */

/* Begin PBXGroup section */
		A7AE57282ADDE64D0089E401 = {
			isa = PBXGroup;
			children = (
				A7AE57332ADDE64D0089E401 /* ViperCarter */,
				A7AE57322ADDE64D0089E401 /* Products */,
			);
			sourceTree = "<group>";
		};
		A7AE57322ADDE64D0089E401 /* Products */ = {
			isa = PBXGroup;
			children = (
				A7AE57312ADDE64D0089E401 /* ViperCarter.app */,
			);
			name = Products;
			sourceTree = "<group>";
		};
		A7AE57332ADDE64D0089E401 /* ViperCarter */ = {
			isa = PBXGroup;
			children = (
				A7AE57482ADDE6580089E401 /* listOfMovie */,
				A7AE57342ADDE64D0089E401 /* AppDelegate.swift */,
				A7AE57362ADDE64D0089E401 /* SceneDelegate.swift */,
				A7AE57382ADDE64D0089E401 /* ViewController.swift */,
				A7AE573D2ADDE64E0089E401 /* Assets.xcassets */,
				A7AE573F2ADDE64E0089E401 /* LaunchScreen.storyboard */,
				A7AE57422ADDE64E0089E401 /* Info.plist */,
			);
			path = ViperCarter;
			sourceTree = "<group>";
		};
		A7AE57482ADDE6580089E401 /* listOfMovie */ = {
			isa = PBXGroup;
			children = (
				A7AE57492ADDE68B0089E401 /* ListOfMovieView.swift */,
				A7AE57562ADE0BD20089E401 /* MovieCellView.swift */,
				A7C4D5762AE7082800055E21 /* ViewModel */,
				A7AE574B2ADDE6B40089E401 /* ListOfMoviePresenter.swift */,
				A7AE574D2ADDE6D50089E401 /* ListOfMovieInteractor.swift */,
				A7AE574F2ADDE6E40089E401 /* ListOfMovieRouter.swift */,
				A7AE57512ADDE6F40089E401 /* Entities */,
			);
			path = listOfMovie;
			sourceTree = "<group>";
		};
		A7AE57512ADDE6F40089E401 /* Entities */ = {
			isa = PBXGroup;
			children = (
				A7AE57522ADDE8E90089E401 /* PopularMoviewEntity.swift */,
				A7AE57542ADDEAF90089E401 /* PopularMovieResponseEntity.swift */,
			);
			path = Entities;
			sourceTree = "<group>";
		};
		A7C4D5762AE7082800055E21 /* ViewModel */ = {
			isa = PBXGroup;
			children = (
				A7C4D5772AE7084000055E21 /* ViewModel.swift */,
				A7C4D5792AE70D1C00055E21 /* Mapper.swift */,
			);
			path = ViewModel;
			sourceTree = "<group>";
		};
/* End PBXGroup section */

/* Begin PBXNativeTarget section */
		A7AE57302ADDE64D0089E401 /* ViperCarter */ = {
			isa = PBXNativeTarget;
			buildConfigurationList = A7AE57452ADDE64E0089E401 /* Build configuration list for PBXNativeTarget "ViperCarter" */;
			buildPhases = (
				A7AE572D2ADDE64D0089E401 /* Sources */,
				A7AE572E2ADDE64D0089E401 /* Frameworks */,
				A7AE572F2ADDE64D0089E401 /* Resources */,
			);
			buildRules = (
			);
			dependencies = (
			);
			name = ViperCarter;
			packageProductDependencies = (
				A7AE57592AE324760089E401 /* Kingfisher */,
			);
			productName = ViperCarter;
			productReference = A7AE57312ADDE64D0089E401 /* ViperCarter.app */;
			productType = "com.apple.product-type.application";
		};
/* End PBXNativeTarget section */

/* Begin PBXProject section */
		A7AE57292ADDE64D0089E401 /* Project object */ = {
			isa = PBXProject;
			attributes = {
				BuildIndependentTargetsInParallel = 1;
				LastSwiftUpdateCheck = 1500;
				LastUpgradeCheck = 1500;
				TargetAttributes = {
					A7AE57302ADDE64D0089E401 = {
						CreatedOnToolsVersion = 15.0;
					};
				};
			};
			buildConfigurationList = A7AE572C2ADDE64D0089E401 /* Build configuration list for PBXProject "ViperCarter" */;
			compatibilityVersion = "Xcode 14.0";
			developmentRegion = en;
			hasScannedForEncodings = 0;
			knownRegions = (
				en,
				Base,
			);
			mainGroup = A7AE57282ADDE64D0089E401;
			packageReferences = (
				A7AE57582AE324760089E401 /* XCRemoteSwiftPackageReference "Kingfisher" */,
			);
			productRefGroup = A7AE57322ADDE64D0089E401 /* Products */;
			projectDirPath = "";
			projectRoot = "";
			targets = (
				A7AE57302ADDE64D0089E401 /* ViperCarter */,
			);
		};
/* End PBXProject section */

/* Begin PBXResourcesBuildPhase section */
		A7AE572F2ADDE64D0089E401 /* Resources */ = {
			isa = PBXResourcesBuildPhase;
			buildActionMask = 2147483647;
			files = (
				A7AE57412ADDE64E0089E401 /* LaunchScreen.storyboard in Resources */,
				A7AE573E2ADDE64E0089E401 /* Assets.xcassets in Resources */,
			);
			runOnlyForDeploymentPostprocessing = 0;
		};
/* End PBXResourcesBuildPhase section */

/* Begin PBXSourcesBuildPhase section */
		A7AE572D2ADDE64D0089E401 /* Sources */ = {
			isa = PBXSourcesBuildPhase;
			buildActionMask = 2147483647;
			files = (
				A7AE57502ADDE6E40089E401 /* ListOfMovieRouter.swift in Sources */,
				A7AE574E2ADDE6D50089E401 /* ListOfMovieInteractor.swift in Sources */,
				A7AE574A2ADDE68B0089E401 /* ListOfMovieView.swift in Sources */,
				A7C4D5782AE7084000055E21 /* ViewModel.swift in Sources */,
				A7C4D57A2AE70D1C00055E21 /* Mapper.swift in Sources */,
				A7AE57572ADE0BD20089E401 /* MovieCellView.swift in Sources */,
				A7AE57532ADDE8E90089E401 /* PopularMoviewEntity.swift in Sources */,
				A7AE57392ADDE64D0089E401 /* ViewController.swift in Sources */,
				A7AE574C2ADDE6B40089E401 /* ListOfMoviePresenter.swift in Sources */,
				A7AE57352ADDE64D0089E401 /* AppDelegate.swift in Sources */,
				A7AE57552ADDEAF90089E401 /* PopularMovieResponseEntity.swift in Sources */,
				A7AE57372ADDE64D0089E401 /* SceneDelegate.swift in Sources */,
			);
			runOnlyForDeploymentPostprocessing = 0;
		};
/* End PBXSourcesBuildPhase section */

/* Begin PBXVariantGroup section */
		A7AE573F2ADDE64E0089E401 /* LaunchScreen.storyboard */ = {
			isa = PBXVariantGroup;
			children = (
				A7AE57402ADDE64E0089E401 /* Base */,
			);
			name = LaunchScreen.storyboard;
			sourceTree = "<group>";
		};
/* End PBXVariantGroup section */

/* Begin XCBuildConfiguration section */
		A7AE57432ADDE64E0089E401 /* Debug */ = {
			isa = XCBuildConfiguration;
			buildSettings = {
				ALWAYS_SEARCH_USER_PATHS = NO;
				ASSETCATALOG_COMPILER_GENERATE_SWIFT_ASSET_SYMBOL_EXTENSIONS = YES;
				CLANG_ANALYZER_NONNULL = YES;
				CLANG_ANALYZER_NUMBER_OBJECT_CONVERSION = YES_AGGRESSIVE;
				CLANG_CXX_LANGUAGE_STANDARD = "gnu++20";
				CLANG_ENABLE_MODULES = YES;
				CLANG_ENABLE_OBJC_ARC = YES;
				CLANG_ENABLE_OBJC_WEAK = YES;
				CLANG_WARN_BLOCK_CAPTURE_AUTORELEASING = YES;
				CLANG_WARN_BOOL_CONVERSION = YES;
				CLANG_WARN_COMMA = YES;
				CLANG_WARN_CONSTANT_CONVERSION = YES;
				CLANG_WARN_DEPRECATED_OBJC_IMPLEMENTATIONS = YES;
				CLANG_WARN_DIRECT_OBJC_ISA_USAGE = YES_ERROR;
				CLANG_WARN_DOCUMENTATION_COMMENTS = YES;
				CLANG_WARN_EMPTY_BODY = YES;
				CLANG_WARN_ENUM_CONVERSION = YES;
				CLANG_WARN_INFINITE_RECURSION = YES;
				CLANG_WARN_INT_CONVERSION = YES;
				CLANG_WARN_NON_LITERAL_NULL_CONVERSION = YES;
				CLANG_WARN_OBJC_IMPLICIT_RETAIN_SELF = YES;
				CLANG_WARN_OBJC_LITERAL_CONVERSION = YES;
				CLANG_WARN_OBJC_ROOT_CLASS = YES_ERROR;
				CLANG_WARN_QUOTED_INCLUDE_IN_FRAMEWORK_HEADER = YES;
				CLANG_WARN_RANGE_LOOP_ANALYSIS = YES;
				CLANG_WARN_STRICT_PROTOTYPES = YES;
				CLANG_WARN_SUSPICIOUS_MOVE = YES;
				CLANG_WARN_UNGUARDED_AVAILABILITY = YES_AGGRESSIVE;
				CLANG_WARN_UNREACHABLE_CODE = YES;
				CLANG_WARN__DUPLICATE_METHOD_MATCH = YES;
				COPY_PHASE_STRIP = NO;
				DEBUG_INFORMATION_FORMAT = dwarf;
				ENABLE_STRICT_OBJC_MSGSEND = YES;
				ENABLE_TESTABILITY = YES;
				ENABLE_USER_SCRIPT_SANDBOXING = YES;
				GCC_C_LANGUAGE_STANDARD = gnu17;
				GCC_DYNAMIC_NO_PIC = NO;
				GCC_NO_COMMON_BLOCKS = YES;
				GCC_OPTIMIZATION_LEVEL = 0;
				GCC_PREPROCESSOR_DEFINITIONS = (
					"DEBUG=1",
					"$(inherited)",
				);
				GCC_WARN_64_TO_32_BIT_CONVERSION = YES;
				GCC_WARN_ABOUT_RETURN_TYPE = YES_ERROR;
				GCC_WARN_UNDECLARED_SELECTOR = YES;
				GCC_WARN_UNINITIALIZED_AUTOS = YES_AGGRESSIVE;
				GCC_WARN_UNUSED_FUNCTION = YES;
				GCC_WARN_UNUSED_VARIABLE = YES;
				IPHONEOS_DEPLOYMENT_TARGET = 17.0;
				LOCALIZATION_PREFERS_STRING_CATALOGS = YES;
				MTL_ENABLE_DEBUG_INFO = INCLUDE_SOURCE;
				MTL_FAST_MATH = YES;
				ONLY_ACTIVE_ARCH = YES;
				SDKROOT = iphoneos;
				SWIFT_ACTIVE_COMPILATION_CONDITIONS = "DEBUG $(inherited)";
				SWIFT_OPTIMIZATION_LEVEL = "-Onone";
			};
			name = Debug;
		};
		A7AE57442ADDE64E0089E401 /* Release */ = {
			isa = XCBuildConfiguration;
			buildSettings = {
				ALWAYS_SEARCH_USER_PATHS = NO;
				ASSETCATALOG_COMPILER_GENERATE_SWIFT_ASSET_SYMBOL_EXTENSIONS = YES;
				CLANG_ANALYZER_NONNULL = YES;
				CLANG_ANALYZER_NUMBER_OBJECT_CONVERSION = YES_AGGRESSIVE;
				CLANG_CXX_LANGUAGE_STANDARD = "gnu++20";
				CLANG_ENABLE_MODULES = YES;
				CLANG_ENABLE_OBJC_ARC = YES;
				CLANG_ENABLE_OBJC_WEAK = YES;
				CLANG_WARN_BLOCK_CAPTURE_AUTORELEASING = YES;
				CLANG_WARN_BOOL_CONVERSION = YES;
				CLANG_WARN_COMMA = YES;
				CLANG_WARN_CONSTANT_CONVERSION = YES;
				CLANG_WARN_DEPRECATED_OBJC_IMPLEMENTATIONS = YES;
				CLANG_WARN_DIRECT_OBJC_ISA_USAGE = YES_ERROR;
				CLANG_WARN_DOCUMENTATION_COMMENTS = YES;
				CLANG_WARN_EMPTY_BODY = YES;
				CLANG_WARN_ENUM_CONVERSION = YES;
				CLANG_WARN_INFINITE_RECURSION = YES;
				CLANG_WARN_INT_CONVERSION = YES;
				CLANG_WARN_NON_LITERAL_NULL_CONVERSION = YES;
				CLANG_WARN_OBJC_IMPLICIT_RETAIN_SELF = YES;
				CLANG_WARN_OBJC_LITERAL_CONVERSION = YES;
				CLANG_WARN_OBJC_ROOT_CLASS = YES_ERROR;
				CLANG_WARN_QUOTED_INCLUDE_IN_FRAMEWORK_HEADER = YES;
				CLANG_WARN_RANGE_LOOP_ANALYSIS = YES;
				CLANG_WARN_STRICT_PROTOTYPES = YES;
				CLANG_WARN_SUSPICIOUS_MOVE = YES;
				CLANG_WARN_UNGUARDED_AVAILABILITY = YES_AGGRESSIVE;
				CLANG_WARN_UNREACHABLE_CODE = YES;
				CLANG_WARN__DUPLICATE_METHOD_MATCH = YES;
				COPY_PHASE_STRIP = NO;
				DEBUG_INFORMATION_FORMAT = "dwarf-with-dsym";
				ENABLE_NS_ASSERTIONS = NO;
				ENABLE_STRICT_OBJC_MSGSEND = YES;
				ENABLE_USER_SCRIPT_SANDBOXING = YES;
				GCC_C_LANGUAGE_STANDARD = gnu17;
				GCC_NO_COMMON_BLOCKS = YES;
				GCC_WARN_64_TO_32_BIT_CONVERSION = YES;
				GCC_WARN_ABOUT_RETURN_TYPE = YES_ERROR;
				GCC_WARN_UNDECLARED_SELECTOR = YES;
				GCC_WARN_UNINITIALIZED_AUTOS = YES_AGGRESSIVE;
				GCC_WARN_UNUSED_FUNCTION = YES;
				GCC_WARN_UNUSED_VARIABLE = YES;
				IPHONEOS_DEPLOYMENT_TARGET = 17.0;
				LOCALIZATION_PREFERS_STRING_CATALOGS = YES;
				MTL_ENABLE_DEBUG_INFO = NO;
				MTL_FAST_MATH = YES;
				SDKROOT = iphoneos;
				SWIFT_COMPILATION_MODE = wholemodule;
				VALIDATE_PRODUCT = YES;
			};
			name = Release;
		};
		A7AE57462ADDE64E0089E401 /* Debug */ = {
			isa = XCBuildConfiguration;
			buildSettings = {
				ASSETCATALOG_COMPILER_APPICON_NAME = AppIcon;
				ASSETCATALOG_COMPILER_GLOBAL_ACCENT_COLOR_NAME = AccentColor;
				CODE_SIGN_STYLE = Automatic;
				CURRENT_PROJECT_VERSION = 1;
				GENERATE_INFOPLIST_FILE = YES;
				INFOPLIST_FILE = ViperCarter/Info.plist;
				INFOPLIST_KEY_UIApplicationSupportsIndirectInputEvents = YES;
				INFOPLIST_KEY_UILaunchStoryboardName = LaunchScreen;
				INFOPLIST_KEY_UISupportedInterfaceOrientations_iPad = "UIInterfaceOrientationPortrait UIInterfaceOrientationPortraitUpsideDown UIInterfaceOrientationLandscapeLeft UIInterfaceOrientationLandscapeRight";
				INFOPLIST_KEY_UISupportedInterfaceOrientations_iPhone = "UIInterfaceOrientationPortrait UIInterfaceOrientationLandscapeLeft UIInterfaceOrientationLandscapeRight";
				LD_RUNPATH_SEARCH_PATHS = (
					"$(inherited)",
					"@executable_path/Frameworks",
				);
				MARKETING_VERSION = 1.0;
				PRODUCT_BUNDLE_IDENTIFIER = mj.ViperCarter;
				PRODUCT_NAME = "$(TARGET_NAME)";
				SWIFT_EMIT_LOC_STRINGS = YES;
				SWIFT_VERSION = 5.0;
				TARGETED_DEVICE_FAMILY = "1,2";
			};
			name = Debug;
		};
		A7AE57472ADDE64E0089E401 /* Release */ = {
			isa = XCBuildConfiguration;
			buildSettings = {
				ASSETCATALOG_COMPILER_APPICON_NAME = AppIcon;
				ASSETCATALOG_COMPILER_GLOBAL_ACCENT_COLOR_NAME = AccentColor;
				CODE_SIGN_STYLE = Automatic;
				CURRENT_PROJECT_VERSION = 1;
				GENERATE_INFOPLIST_FILE = YES;
				INFOPLIST_FILE = ViperCarter/Info.plist;
				INFOPLIST_KEY_UIApplicationSupportsIndirectInputEvents = YES;
				INFOPLIST_KEY_UILaunchStoryboardName = LaunchScreen;
				INFOPLIST_KEY_UISupportedInterfaceOrientations_iPad = "UIInterfaceOrientationPortrait UIInterfaceOrientationPortraitUpsideDown UIInterfaceOrientationLandscapeLeft UIInterfaceOrientationLandscapeRight";
				INFOPLIST_KEY_UISupportedInterfaceOrientations_iPhone = "UIInterfaceOrientationPortrait UIInterfaceOrientationLandscapeLeft UIInterfaceOrientationLandscapeRight";
				LD_RUNPATH_SEARCH_PATHS = (
					"$(inherited)",
					"@executable_path/Frameworks",
				);
				MARKETING_VERSION = 1.0;
				PRODUCT_BUNDLE_IDENTIFIER = mj.ViperCarter;
				PRODUCT_NAME = "$(TARGET_NAME)";
				SWIFT_EMIT_LOC_STRINGS = YES;
				SWIFT_VERSION = 5.0;
				TARGETED_DEVICE_FAMILY = "1,2";
			};
			name = Release;
		};
/* End XCBuildConfiguration section */

/* Begin XCConfigurationList section */
		A7AE572C2ADDE64D0089E401 /* Build configuration list for PBXProject "ViperCarter" */ = {
			isa = XCConfigurationList;
			buildConfigurations = (
				A7AE57432ADDE64E0089E401 /* Debug */,
				A7AE57442ADDE64E0089E401 /* Release */,
			);
			defaultConfigurationIsVisible = 0;
			defaultConfigurationName = Release;
		};
		A7AE57452ADDE64E0089E401 /* Build configuration list for PBXNativeTarget "ViperCarter" */ = {
			isa = XCConfigurationList;
			buildConfigurations = (
				A7AE57462ADDE64E0089E401 /* Debug */,
				A7AE57472ADDE64E0089E401 /* Release */,
			);
			defaultConfigurationIsVisible = 0;
			defaultConfigurationName = Release;
		};
/* End XCConfigurationList section */

/* Begin XCRemoteSwiftPackageReference section */
		A7AE57582AE324760089E401 /* XCRemoteSwiftPackageReference "Kingfisher" */ = {
			isa = XCRemoteSwiftPackageReference;
			repositoryURL = "https://github.com/onevcat/Kingfisher.git";
			requirement = {
				kind = upToNextMajorVersion;
				minimumVersion = 7.9.1;
			};
		};
/* End XCRemoteSwiftPackageReference section */

/* Begin XCSwiftPackageProductDependency section */
		A7AE57592AE324760089E401 /* Kingfisher */ = {
			isa = XCSwiftPackageProductDependency;
			package = A7AE57582AE324760089E401 /* XCRemoteSwiftPackageReference "Kingfisher" */;
			productName = Kingfisher;
		};
/* End XCSwiftPackageProductDependency section */
	};
	rootObject = A7AE57292ADDE64D0089E401 /* Project object */;
}
